// !$*UTF8*$!
{
	archiveVersion = 1;
	classes = {
	};
	objectVersion = 56;
	objects = {

/* Begin PBXBuildFile section */
		E1AC682429B9F30B00BAF160 /* AppDelegate.swift in Sources */ = {isa = PBXBuildFile; fileRef = E1AC682329B9F30B00BAF160 /* AppDelegate.swift */; };
		E1AC682629B9F30B00BAF160 /* SceneDelegate.swift in Sources */ = {isa = PBXBuildFile; fileRef = E1AC682529B9F30B00BAF160 /* SceneDelegate.swift */; };
		E1AC682829B9F30B00BAF160 /* ViewController.swift in Sources */ = {isa = PBXBuildFile; fileRef = E1AC682729B9F30B00BAF160 /* ViewController.swift */; };
		E1AC682B29B9F30B00BAF160 /* Main.storyboard in Resources */ = {isa = PBXBuildFile; fileRef = E1AC682929B9F30B00BAF160 /* Main.storyboard */; };
		E1AC682E29B9F30B00BAF160 /* Test_Handling_Errors.xcdatamodeld in Sources */ = {isa = PBXBuildFile; fileRef = E1AC682C29B9F30B00BAF160 /* Test_Handling_Errors.xcdatamodeld */; };
		E1AC683029B9F30E00BAF160 /* Assets.xcassets in Resources */ = {isa = PBXBuildFile; fileRef = E1AC682F29B9F30E00BAF160 /* Assets.xcassets */; };
		E1AC683329B9F30E00BAF160 /* LaunchScreen.storyboard in Resources */ = {isa = PBXBuildFile; fileRef = E1AC683129B9F30E00BAF160 /* LaunchScreen.storyboard */; };
		E1AC683E29B9F30E00BAF160 /* Test_Handling_ErrorsTests.swift in Sources */ = {isa = PBXBuildFile; fileRef = E1AC683D29B9F30E00BAF160 /* Test_Handling_ErrorsTests.swift */; };
		E1AC684829B9F30E00BAF160 /* Test_Handling_ErrorsUITests.swift in Sources */ = {isa = PBXBuildFile; fileRef = E1AC684729B9F30E00BAF160 /* Test_Handling_ErrorsUITests.swift */; };
		E1AC684A29B9F30E00BAF160 /* Test_Handling_ErrorsUITestsLaunchTests.swift in Sources */ = {isa = PBXBuildFile; fileRef = E1AC684929B9F30E00BAF160 /* Test_Handling_ErrorsUITestsLaunchTests.swift */; };
/* End PBXBuildFile section */

/* Begin PBXContainerItemProxy section */
		E1AC683A29B9F30E00BAF160 /* PBXContainerItemProxy */ = {
			isa = PBXContainerItemProxy;
			containerPortal = E1AC681829B9F30B00BAF160 /* Project object */;
			proxyType = 1;
			remoteGlobalIDString = E1AC681F29B9F30B00BAF160;
			remoteInfo = "Test Handling Errors";
		};
		E1AC684429B9F30E00BAF160 /* PBXContainerItemProxy */ = {
			isa = PBXContainerItemProxy;
			containerPortal = E1AC681829B9F30B00BAF160 /* Project object */;
			proxyType = 1;
			remoteGlobalIDString = E1AC681F29B9F30B00BAF160;
			remoteInfo = "Test Handling Errors";
		};
/* End PBXContainerItemProxy section */

/* Begin PBXFileReference section */
		E1AC682029B9F30B00BAF160 /* Test Handling Errors.app */ = {isa = PBXFileReference; explicitFileType = wrapper.application; includeInIndex = 0; path = "Test Handling Errors.app"; sourceTree = BUILT_PRODUCTS_DIR; };
		E1AC682329B9F30B00BAF160 /* AppDelegate.swift */ = {isa = PBXFileReference; lastKnownFileType = sourcecode.swift; path = AppDelegate.swift; sourceTree = "<group>"; };
		E1AC682529B9F30B00BAF160 /* SceneDelegate.swift */ = {isa = PBXFileReference; lastKnownFileType = sourcecode.swift; path = SceneDelegate.swift; sourceTree = "<group>"; };
		E1AC682729B9F30B00BAF160 /* ViewController.swift */ = {isa = PBXFileReference; lastKnownFileType = sourcecode.swift; path = ViewController.swift; sourceTree = "<group>"; };
		E1AC682A29B9F30B00BAF160 /* Base */ = {isa = PBXFileReference; lastKnownFileType = file.storyboard; name = Base; path = Base.lproj/Main.storyboard; sourceTree = "<group>"; };
		E1AC682D29B9F30B00BAF160 /* Test_Handling_Errors.xcdatamodel */ = {isa = PBXFileReference; lastKnownFileType = wrapper.xcdatamodel; path = Test_Handling_Errors.xcdatamodel; sourceTree = "<group>"; };
		E1AC682F29B9F30E00BAF160 /* Assets.xcassets */ = {isa = PBXFileReference; lastKnownFileType = folder.assetcatalog; path = Assets.xcassets; sourceTree = "<group>"; };
		E1AC683229B9F30E00BAF160 /* Base */ = {isa = PBXFileReference; lastKnownFileType = file.storyboard; name = Base; path = Base.lproj/LaunchScreen.storyboard; sourceTree = "<group>"; };
		E1AC683429B9F30E00BAF160 /* Info.plist */ = {isa = PBXFileReference; lastKnownFileType = text.plist.xml; path = Info.plist; sourceTree = "<group>"; };
		E1AC683929B9F30E00BAF160 /* Test Handling ErrorsTests.xctest */ = {isa = PBXFileReference; explicitFileType = wrapper.cfbundle; includeInIndex = 0; path = "Test Handling ErrorsTests.xctest"; sourceTree = BUILT_PRODUCTS_DIR; };
		E1AC683D29B9F30E00BAF160 /* Test_Handling_ErrorsTests.swift */ = {isa = PBXFileReference; lastKnownFileType = sourcecode.swift; path = Test_Handling_ErrorsTests.swift; sourceTree = "<group>"; };
		E1AC684329B9F30E00BAF160 /* Test Handling ErrorsUITests.xctest */ = {isa = PBXFileReference; explicitFileType = wrapper.cfbundle; includeInIndex = 0; path = "Test Handling ErrorsUITests.xctest"; sourceTree = BUILT_PRODUCTS_DIR; };
		E1AC684729B9F30E00BAF160 /* Test_Handling_ErrorsUITests.swift */ = {isa = PBXFileReference; lastKnownFileType = sourcecode.swift; path = Test_Handling_ErrorsUITests.swift; sourceTree = "<group>"; };
		E1AC684929B9F30E00BAF160 /* Test_Handling_ErrorsUITestsLaunchTests.swift */ = {isa = PBXFileReference; lastKnownFileType = sourcecode.swift; path = Test_Handling_ErrorsUITestsLaunchTests.swift; sourceTree = "<group>"; };
/* End PBXFileReference section */

/* Begin PBXFrameworksBuildPhase section */
		E1AC681D29B9F30B00BAF160 /* Frameworks */ = {
			isa = PBXFrameworksBuildPhase;
			buildActionMask = 2147483647;
			files = (
			);
			runOnlyForDeploymentPostprocessing = 0;
		};
		E1AC683629B9F30E00BAF160 /* Frameworks */ = {
			isa = PBXFrameworksBuildPhase;
			buildActionMask = 2147483647;
			files = (
			);
			runOnlyForDeploymentPostprocessing = 0;
		};
		E1AC684029B9F30E00BAF160 /* Frameworks */ = {
			isa = PBXFrameworksBuildPhase;
			buildActionMask = 2147483647;
			files = (
			);
			runOnlyForDeploymentPostprocessing = 0;
		};
/* End PBXFrameworksBuildPhase section */

/* Begin PBXGroup section */
		E1AC681729B9F30B00BAF160 = {
			isa = PBXGroup;
			children = (
				E1AC682229B9F30B00BAF160 /* Test Handling Errors */,
				E1AC683C29B9F30E00BAF160 /* Test Handling ErrorsTests */,
				E1AC684629B9F30E00BAF160 /* Test Handling ErrorsUITests */,
				E1AC682129B9F30B00BAF160 /* Products */,
			);
			sourceTree = "<group>";
		};
		E1AC682129B9F30B00BAF160 /* Products */ = {
			isa = PBXGroup;
			children = (
				E1AC682029B9F30B00BAF160 /* Test Handling Errors.app */,
				E1AC683929B9F30E00BAF160 /* Test Handling ErrorsTests.xctest */,
				E1AC684329B9F30E00BAF160 /* Test Handling ErrorsUITests.xctest */,
			);
			name = Products;
			sourceTree = "<group>";
		};
		E1AC682229B9F30B00BAF160 /* Test Handling Errors */ = {
			isa = PBXGroup;
			children = (
				E1AC682329B9F30B00BAF160 /* AppDelegate.swift */,
				E1AC682529B9F30B00BAF160 /* SceneDelegate.swift */,
				E1AC682729B9F30B00BAF160 /* ViewController.swift */,
				E1AC682929B9F30B00BAF160 /* Main.storyboard */,
				E1AC682F29B9F30E00BAF160 /* Assets.xcassets */,
				E1AC683129B9F30E00BAF160 /* LaunchScreen.storyboard */,
				E1AC683429B9F30E00BAF160 /* Info.plist */,
				E1AC682C29B9F30B00BAF160 /* Test_Handling_Errors.xcdatamodeld */,
			);
			path = "Test Handling Errors";
			sourceTree = "<group>";
		};
		E1AC683C29B9F30E00BAF160 /* Test Handling ErrorsTests */ = {
			isa = PBXGroup;
			children = (
				E1AC683D29B9F30E00BAF160 /* Test_Handling_ErrorsTests.swift */,
			);
			path = "Test Handling ErrorsTests";
			sourceTree = "<group>";
		};
		E1AC684629B9F30E00BAF160 /* Test Handling ErrorsUITests */ = {
			isa = PBXGroup;
			children = (
				E1AC684729B9F30E00BAF160 /* Test_Handling_ErrorsUITests.swift */,
				E1AC684929B9F30E00BAF160 /* Test_Handling_ErrorsUITestsLaunchTests.swift */,
			);
			path = "Test Handling ErrorsUITests";
			sourceTree = "<group>";
		};
/* End PBXGroup section */

/* Begin PBXNativeTarget section */
		E1AC681F29B9F30B00BAF160 /* Test Handling Errors */ = {
			isa = PBXNativeTarget;
			buildConfigurationList = E1AC684D29B9F30E00BAF160 /* Build configuration list for PBXNativeTarget "Test Handling Errors" */;
			buildPhases = (
				E1AC681C29B9F30B00BAF160 /* Sources */,
				E1AC681D29B9F30B00BAF160 /* Frameworks */,
				E1AC681E29B9F30B00BAF160 /* Resources */,
			);
			buildRules = (
			);
			dependencies = (
			);
			name = "Test Handling Errors";
			productName = "Test Handling Errors";
			productReference = E1AC682029B9F30B00BAF160 /* Test Handling Errors.app */;
			productType = "com.apple.product-type.application";
		};
		E1AC683829B9F30E00BAF160 /* Test Handling ErrorsTests */ = {
			isa = PBXNativeTarget;
			buildConfigurationList = E1AC685029B9F30E00BAF160 /* Build configuration list for PBXNativeTarget "Test Handling ErrorsTests" */;
			buildPhases = (
				E1AC683529B9F30E00BAF160 /* Sources */,
				E1AC683629B9F30E00BAF160 /* Frameworks */,
				E1AC683729B9F30E00BAF160 /* Resources */,
			);
			buildRules = (
			);
			dependencies = (
				E1AC683B29B9F30E00BAF160 /* PBXTargetDependency */,
			);
			name = "Test Handling ErrorsTests";
			productName = "Test Handling ErrorsTests";
			productReference = E1AC683929B9F30E00BAF160 /* Test Handling ErrorsTests.xctest */;
			productType = "com.apple.product-type.bundle.unit-test";
		};
		E1AC684229B9F30E00BAF160 /* Test Handling ErrorsUITests */ = {
			isa = PBXNativeTarget;
			buildConfigurationList = E1AC685329B9F30E00BAF160 /* Build configuration list for PBXNativeTarget "Test Handling ErrorsUITests" */;
			buildPhases = (
				E1AC683F29B9F30E00BAF160 /* Sources */,
				E1AC684029B9F30E00BAF160 /* Frameworks */,
				E1AC684129B9F30E00BAF160 /* Resources */,
			);
			buildRules = (
			);
			dependencies = (
				E1AC684529B9F30E00BAF160 /* PBXTargetDependency */,
			);
			name = "Test Handling ErrorsUITests";
			productName = "Test Handling ErrorsUITests";
			productReference = E1AC684329B9F30E00BAF160 /* Test Handling ErrorsUITests.xctest */;
			productType = "com.apple.product-type.bundle.ui-testing";
		};
/* End PBXNativeTarget section */

/* Begin PBXProject section */
		E1AC681829B9F30B00BAF160 /* Project object */ = {
			isa = PBXProject;
			attributes = {
				BuildIndependentTargetsInParallel = 1;
				LastSwiftUpdateCheck = 1420;
				LastUpgradeCheck = 1420;
				TargetAttributes = {
					E1AC681F29B9F30B00BAF160 = {
						CreatedOnToolsVersion = 14.2;
					};
					E1AC683829B9F30E00BAF160 = {
						CreatedOnToolsVersion = 14.2;
						TestTargetID = E1AC681F29B9F30B00BAF160;
					};
					E1AC684229B9F30E00BAF160 = {
						CreatedOnToolsVersion = 14.2;
						TestTargetID = E1AC681F29B9F30B00BAF160;
					};
				};
			};
			buildConfigurationList = E1AC681B29B9F30B00BAF160 /* Build configuration list for PBXProject "Test Handling Errors" */;
			compatibilityVersion = "Xcode 14.0";
			developmentRegion = en;
			hasScannedForEncodings = 0;
			knownRegions = (
				en,
				Base,
			);
			mainGroup = E1AC681729B9F30B00BAF160;
			productRefGroup = E1AC682129B9F30B00BAF160 /* Products */;
			projectDirPath = "";
			projectRoot = "";
			targets = (
				E1AC681F29B9F30B00BAF160 /* Test Handling Errors */,
				E1AC683829B9F30E00BAF160 /* Test Handling ErrorsTests */,
				E1AC684229B9F30E00BAF160 /* Test Handling ErrorsUITests */,
			);
		};
/* End PBXProject section */

/* Begin PBXResourcesBuildPhase section */
		E1AC681E29B9F30B00BAF160 /* Resources */ = {
			isa = PBXResourcesBuildPhase;
			buildActionMask = 2147483647;
			files = (
				E1AC683329B9F30E00BAF160 /* LaunchScreen.storyboard in Resources */,
				E1AC683029B9F30E00BAF160 /* Assets.xcassets in Resources */,
				E1AC682B29B9F30B00BAF160 /* Main.storyboard in Resources */,
			);
			runOnlyForDeploymentPostprocessing = 0;
		};
		E1AC683729B9F30E00BAF160 /* Resources */ = {
			isa = PBXResourcesBuildPhase;
			buildActionMask = 2147483647;
			files = (
			);
			runOnlyForDeploymentPostprocessing = 0;
		};
		E1AC684129B9F30E00BAF160 /* Resources */ = {
			isa = PBXResourcesBuildPhase;
			buildActionMask = 2147483647;
			files = (
			);
			runOnlyForDeploymentPostprocessing = 0;
		};
/* End PBXResourcesBuildPhase section */

/* Begin PBXSourcesBuildPhase section */
		E1AC681C29B9F30B00BAF160 /* Sources */ = {
			isa = PBXSourcesBuildPhase;
			buildActionMask = 2147483647;
			files = (
				E1AC682829B9F30B00BAF160 /* ViewController.swift in Sources */,
				E1AC682429B9F30B00BAF160 /* AppDelegate.swift in Sources */,
				E1AC682629B9F30B00BAF160 /* SceneDelegate.swift in Sources */,
				E1AC682E29B9F30B00BAF160 /* Test_Handling_Errors.xcdatamodeld in Sources */,
			);
			runOnlyForDeploymentPostprocessing = 0;
		};
		E1AC683529B9F30E00BAF160 /* Sources */ = {
			isa = PBXSourcesBuildPhase;
			buildActionMask = 2147483647;
			files = (
				E1AC683E29B9F30E00BAF160 /* Test_Handling_ErrorsTests.swift in Sources */,
			);
			runOnlyForDeploymentPostprocessing = 0;
		};
		E1AC683F29B9F30E00BAF160 /* Sources */ = {
			isa = PBXSourcesBuildPhase;
			buildActionMask = 2147483647;
			files = (
				E1AC684A29B9F30E00BAF160 /* Test_Handling_ErrorsUITestsLaunchTests.swift in Sources */,
				E1AC684829B9F30E00BAF160 /* Test_Handling_ErrorsUITests.swift in Sources */,
			);
			runOnlyForDeploymentPostprocessing = 0;
		};
/* End PBXSourcesBuildPhase section */

/* Begin PBXTargetDependency section */
		E1AC683B29B9F30E00BAF160 /* PBXTargetDependency */ = {
			isa = PBXTargetDependency;
			target = E1AC681F29B9F30B00BAF160 /* Test Handling Errors */;
			targetProxy = E1AC683A29B9F30E00BAF160 /* PBXContainerItemProxy */;
		};
		E1AC684529B9F30E00BAF160 /* PBXTargetDependency */ = {
			isa = PBXTargetDependency;
			target = E1AC681F29B9F30B00BAF160 /* Test Handling Errors */;
			targetProxy = E1AC684429B9F30E00BAF160 /* PBXContainerItemProxy */;
		};
/* End PBXTargetDependency section */

/* Begin PBXVariantGroup section */
		E1AC682929B9F30B00BAF160 /* Main.storyboard */ = {
			isa = PBXVariantGroup;
			children = (
				E1AC682A29B9F30B00BAF160 /* Base */,
			);
			name = Main.storyboard;
			sourceTree = "<group>";
		};
		E1AC683129B9F30E00BAF160 /* LaunchScreen.storyboard */ = {
			isa = PBXVariantGroup;
			children = (
				E1AC683229B9F30E00BAF160 /* Base */,
			);
			name = LaunchScreen.storyboard;
			sourceTree = "<group>";
		};
/* End PBXVariantGroup section */

/* Begin XCBuildConfiguration section */
		E1AC684B29B9F30E00BAF160 /* Debug */ = {
			isa = XCBuildConfiguration;
			buildSettings = {
				ALWAYS_SEARCH_USER_PATHS = NO;
				CLANG_ANALYZER_NONNULL = YES;
				CLANG_ANALYZER_NUMBER_OBJECT_CONVERSION = YES_AGGRESSIVE;
				CLANG_CXX_LANGUAGE_STANDARD = "gnu++20";
				CLANG_ENABLE_MODULES = YES;
				CLANG_ENABLE_OBJC_ARC = YES;
				CLANG_ENABLE_OBJC_WEAK = YES;
				CLANG_WARN_BLOCK_CAPTURE_AUTORELEASING = YES;
				CLANG_WARN_BOOL_CONVERSION = YES;
				CLANG_WARN_COMMA = YES;
				CLANG_WARN_CONSTANT_CONVERSION = YES;
				CLANG_WARN_DEPRECATED_OBJC_IMPLEMENTATIONS = YES;
				CLANG_WARN_DIRECT_OBJC_ISA_USAGE = YES_ERROR;
				CLANG_WARN_DOCUMENTATION_COMMENTS = YES;
				CLANG_WARN_EMPTY_BODY = YES;
				CLANG_WARN_ENUM_CONVERSION = YES;
				CLANG_WARN_INFINITE_RECURSION = YES;
				CLANG_WARN_INT_CONVERSION = YES;
				CLANG_WARN_NON_LITERAL_NULL_CONVERSION = YES;
				CLANG_WARN_OBJC_IMPLICIT_RETAIN_SELF = YES;
				CLANG_WARN_OBJC_LITERAL_CONVERSION = YES;
				CLANG_WARN_OBJC_ROOT_CLASS = YES_ERROR;
				CLANG_WARN_QUOTED_INCLUDE_IN_FRAMEWORK_HEADER = YES;
				CLANG_WARN_RANGE_LOOP_ANALYSIS = YES;
				CLANG_WARN_STRICT_PROTOTYPES = YES;
				CLANG_WARN_SUSPICIOUS_MOVE = YES;
				CLANG_WARN_UNGUARDED_AVAILABILITY = YES_AGGRESSIVE;
				CLANG_WARN_UNREACHABLE_CODE = YES;
				CLANG_WARN__DUPLICATE_METHOD_MATCH = YES;
				COPY_PHASE_STRIP = NO;
				DEBUG_INFORMATION_FORMAT = dwarf;
				ENABLE_STRICT_OBJC_MSGSEND = YES;
				ENABLE_TESTABILITY = YES;
				GCC_C_LANGUAGE_STANDARD = gnu11;
				GCC_DYNAMIC_NO_PIC = NO;
				GCC_NO_COMMON_BLOCKS = YES;
				GCC_OPTIMIZATION_LEVEL = 0;
				GCC_PREPROCESSOR_DEFINITIONS = (
					"DEBUG=1",
					"$(inherited)",
				);
				GCC_WARN_64_TO_32_BIT_CONVERSION = YES;
				GCC_WARN_ABOUT_RETURN_TYPE = YES_ERROR;
				GCC_WARN_UNDECLARED_SELECTOR = YES;
				GCC_WARN_UNINITIALIZED_AUTOS = YES_AGGRESSIVE;
				GCC_WARN_UNUSED_FUNCTION = YES;
				GCC_WARN_UNUSED_VARIABLE = YES;
				IPHONEOS_DEPLOYMENT_TARGET = 16.2;
				MTL_ENABLE_DEBUG_INFO = INCLUDE_SOURCE;
				MTL_FAST_MATH = YES;
				ONLY_ACTIVE_ARCH = YES;
				SDKROOT = iphoneos;
				SWIFT_ACTIVE_COMPILATION_CONDITIONS = DEBUG;
				SWIFT_OPTIMIZATION_LEVEL = "-Onone";
			};
			name = Debug;
		};
		E1AC684C29B9F30E00BAF160 /* Release */ = {
			isa = XCBuildConfiguration;
			buildSettings = {
				ALWAYS_SEARCH_USER_PATHS = NO;
				CLANG_ANALYZER_NONNULL = YES;
				CLANG_ANALYZER_NUMBER_OBJECT_CONVERSION = YES_AGGRESSIVE;
				CLANG_CXX_LANGUAGE_STANDARD = "gnu++20";
				CLANG_ENABLE_MODULES = YES;
				CLANG_ENABLE_OBJC_ARC = YES;
				CLANG_ENABLE_OBJC_WEAK = YES;
				CLANG_WARN_BLOCK_CAPTURE_AUTORELEASING = YES;
				CLANG_WARN_BOOL_CONVERSION = YES;
				CLANG_WARN_COMMA = YES;
				CLANG_WARN_CONSTANT_CONVERSION = YES;
				CLANG_WARN_DEPRECATED_OBJC_IMPLEMENTATIONS = YES;
				CLANG_WARN_DIRECT_OBJC_ISA_USAGE = YES_ERROR;
				CLANG_WARN_DOCUMENTATION_COMMENTS = YES;
				CLANG_WARN_EMPTY_BODY = YES;
				CLANG_WARN_ENUM_CONVERSION = YES;
				CLANG_WARN_INFINITE_RECURSION = YES;
				CLANG_WARN_INT_CONVERSION = YES;
				CLANG_WARN_NON_LITERAL_NULL_CONVERSION = YES;
				CLANG_WARN_OBJC_IMPLICIT_RETAIN_SELF = YES;
				CLANG_WARN_OBJC_LITERAL_CONVERSION = YES;
				CLANG_WARN_OBJC_ROOT_CLASS = YES_ERROR;
				CLANG_WARN_QUOTED_INCLUDE_IN_FRAMEWORK_HEADER = YES;
				CLANG_WARN_RANGE_LOOP_ANALYSIS = YES;
				CLANG_WARN_STRICT_PROTOTYPES = YES;
				CLANG_WARN_SUSPICIOUS_MOVE = YES;
				CLANG_WARN_UNGUARDED_AVAILABILITY = YES_AGGRESSIVE;
				CLANG_WARN_UNREACHABLE_CODE = YES;
				CLANG_WARN__DUPLICATE_METHOD_MATCH = YES;
				COPY_PHASE_STRIP = NO;
				DEBUG_INFORMATION_FORMAT = "dwarf-with-dsym";
				ENABLE_NS_ASSERTIONS = NO;
				ENABLE_STRICT_OBJC_MSGSEND = YES;
				GCC_C_LANGUAGE_STANDARD = gnu11;
				GCC_NO_COMMON_BLOCKS = YES;
				GCC_WARN_64_TO_32_BIT_CONVERSION = YES;
				GCC_WARN_ABOUT_RETURN_TYPE = YES_ERROR;
				GCC_WARN_UNDECLARED_SELECTOR = YES;
				GCC_WARN_UNINITIALIZED_AUTOS = YES_AGGRESSIVE;
				GCC_WARN_UNUSED_FUNCTION = YES;
				GCC_WARN_UNUSED_VARIABLE = YES;
				IPHONEOS_DEPLOYMENT_TARGET = 16.2;
				MTL_ENABLE_DEBUG_INFO = NO;
				MTL_FAST_MATH = YES;
				SDKROOT = iphoneos;
				SWIFT_COMPILATION_MODE = wholemodule;
				SWIFT_OPTIMIZATION_LEVEL = "-O";
				VALIDATE_PRODUCT = YES;
			};
			name = Release;
		};
		E1AC684E29B9F30E00BAF160 /* Debug */ = {
			isa = XCBuildConfiguration;
			buildSettings = {
				ASSETCATALOG_COMPILER_APPICON_NAME = AppIcon;
				ASSETCATALOG_COMPILER_GLOBAL_ACCENT_COLOR_NAME = AccentColor;
				CODE_SIGN_STYLE = Automatic;
				CURRENT_PROJECT_VERSION = 1;
				DEVELOPMENT_TEAM = 7V62K8VW46;
				GENERATE_INFOPLIST_FILE = YES;
				INFOPLIST_FILE = "Test Handling Errors/Info.plist";
				INFOPLIST_KEY_UIApplicationSupportsIndirectInputEvents = YES;
				INFOPLIST_KEY_UILaunchStoryboardName = LaunchScreen;
				INFOPLIST_KEY_UIMainStoryboardFile = Main;
				INFOPLIST_KEY_UISupportedInterfaceOrientations_iPad = "UIInterfaceOrientationPortrait UIInterfaceOrientationPortraitUpsideDown UIInterfaceOrientationLandscapeLeft UIInterfaceOrientationLandscapeRight";
				INFOPLIST_KEY_UISupportedInterfaceOrientations_iPhone = "UIInterfaceOrientationPortrait UIInterfaceOrientationLandscapeLeft UIInterfaceOrientationLandscapeRight";
				LD_RUNPATH_SEARCH_PATHS = (
					"$(inherited)",
					"@executable_path/Frameworks",
				);
				MARKETING_VERSION = 1.0;
				PRODUCT_BUNDLE_IDENTIFIER = "Lukas-Bimba.Test-Handling-Errors";
				PRODUCT_NAME = "$(TARGET_NAME)";
				SWIFT_EMIT_LOC_STRINGS = YES;
				SWIFT_VERSION = 5.0;
				TARGETED_DEVICE_FAMILY = "1,2";
			};
			name = Debug;
		};
		E1AC684F29B9F30E00BAF160 /* Release */ = {
			isa = XCBuildConfiguration;
			buildSettings = {
				ASSETCATALOG_COMPILER_APPICON_NAME = AppIcon;
				ASSETCATALOG_COMPILER_GLOBAL_ACCENT_COLOR_NAME = AccentColor;
				CODE_SIGN_STYLE = Automatic;
				CURRENT_PROJECT_VERSION = 1;
				DEVELOPMENT_TEAM = 7V62K8VW46;
				GENERATE_INFOPLIST_FILE = YES;
				INFOPLIST_FILE = "Test Handling Errors/Info.plist";
				INFOPLIST_KEY_UIApplicationSupportsIndirectInputEvents = YES;
				INFOPLIST_KEY_UILaunchStoryboardName = LaunchScreen;
				INFOPLIST_KEY_UIMainStoryboardFile = Main;
				INFOPLIST_KEY_UISupportedInterfaceOrientations_iPad = "UIInterfaceOrientationPortrait UIInterfaceOrientationPortraitUpsideDown UIInterfaceOrientationLandscapeLeft UIInterfaceOrientationLandscapeRight";
				INFOPLIST_KEY_UISupportedInterfaceOrientations_iPhone = "UIInterfaceOrientationPortrait UIInterfaceOrientationLandscapeLeft UIInterfaceOrientationLandscapeRight";
				LD_RUNPATH_SEARCH_PATHS = (
					"$(inherited)",
					"@executable_path/Frameworks",
				);
				MARKETING_VERSION = 1.0;
				PRODUCT_BUNDLE_IDENTIFIER = "Lukas-Bimba.Test-Handling-Errors";
				PRODUCT_NAME = "$(TARGET_NAME)";
				SWIFT_EMIT_LOC_STRINGS = YES;
				SWIFT_VERSION = 5.0;
				TARGETED_DEVICE_FAMILY = "1,2";
			};
			name = Release;
		};
		E1AC685129B9F30E00BAF160 /* Debug */ = {
			isa = XCBuildConfiguration;
			buildSettings = {
				ALWAYS_EMBED_SWIFT_STANDARD_LIBRARIES = YES;
				BUNDLE_LOADER = "$(TEST_HOST)";
				CODE_SIGN_STYLE = Automatic;
				CURRENT_PROJECT_VERSION = 1;
				DEVELOPMENT_TEAM = 7V62K8VW46;
				GENERATE_INFOPLIST_FILE = YES;
				IPHONEOS_DEPLOYMENT_TARGET = 16.2;
				MARKETING_VERSION = 1.0;
				PRODUCT_BUNDLE_IDENTIFIER = "Lukas-Bimba.Test-Handling-ErrorsTests";
				PRODUCT_NAME = "$(TARGET_NAME)";
				SWIFT_EMIT_LOC_STRINGS = NO;
				SWIFT_VERSION = 5.0;
				TARGETED_DEVICE_FAMILY = "1,2";
				TEST_HOST = "$(BUILT_PRODUCTS_DIR)/Test Handling Errors.app/$(BUNDLE_EXECUTABLE_FOLDER_PATH)/Test Handling Errors";
			};
			name = Debug;
		};
		E1AC685229B9F30E00BAF160 /* Release */ = {
			isa = XCBuildConfiguration;
			buildSettings = {
				ALWAYS_EMBED_SWIFT_STANDARD_LIBRARIES = YES;
				BUNDLE_LOADER = "$(TEST_HOST)";
				CODE_SIGN_STYLE = Automatic;
				CURRENT_PROJECT_VERSION = 1;
				DEVELOPMENT_TEAM = 7V62K8VW46;
				GENERATE_INFOPLIST_FILE = YES;
				IPHONEOS_DEPLOYMENT_TARGET = 16.2;
				MARKETING_VERSION = 1.0;
				PRODUCT_BUNDLE_IDENTIFIER = "Lukas-Bimba.Test-Handling-ErrorsTests";
				PRODUCT_NAME = "$(TARGET_NAME)";
				SWIFT_EMIT_LOC_STRINGS = NO;
				SWIFT_VERSION = 5.0;
				TARGETED_DEVICE_FAMILY = "1,2";
				TEST_HOST = "$(BUILT_PRODUCTS_DIR)/Test Handling Errors.app/$(BUNDLE_EXECUTABLE_FOLDER_PATH)/Test Handling Errors";
			};
			name = Release;
		};
		E1AC685429B9F30E00BAF160 /* Debug */ = {
			isa = XCBuildConfiguration;
			buildSettings = {
				ALWAYS_EMBED_SWIFT_STANDARD_LIBRARIES = YES;
				CODE_SIGN_STYLE = Automatic;
				CURRENT_PROJECT_VERSION = 1;
				DEVELOPMENT_TEAM = 7V62K8VW46;
				GENERATE_INFOPLIST_FILE = YES;
				MARKETING_VERSION = 1.0;
				PRODUCT_BUNDLE_IDENTIFIER = "Lukas-Bimba.Test-Handling-ErrorsUITests";
				PRODUCT_NAME = "$(TARGET_NAME)";
				SWIFT_EMIT_LOC_STRINGS = NO;
				SWIFT_VERSION = 5.0;
				TARGETED_DEVICE_FAMILY = "1,2";
				TEST_TARGET_NAME = "Test Handling Errors";
			};
			name = Debug;
		};
		E1AC685529B9F30E00BAF160 /* Release */ = {
			isa = XCBuildConfiguration;
			buildSettings = {
				ALWAYS_EMBED_SWIFT_STANDARD_LIBRARIES = YES;
				CODE_SIGN_STYLE = Automatic;
				CURRENT_PROJECT_VERSION = 1;
				DEVELOPMENT_TEAM = 7V62K8VW46;
				GENERATE_INFOPLIST_FILE = YES;
				MARKETING_VERSION = 1.0;
				PRODUCT_BUNDLE_IDENTIFIER = "Lukas-Bimba.Test-Handling-ErrorsUITests";
				PRODUCT_NAME = "$(TARGET_NAME)";
				SWIFT_EMIT_LOC_STRINGS = NO;
				SWIFT_VERSION = 5.0;
				TARGETED_DEVICE_FAMILY = "1,2";
				TEST_TARGET_NAME = "Test Handling Errors";
			};
			name = Release;
		};
/* End XCBuildConfiguration section */

/* Begin XCConfigurationList section */
		E1AC681B29B9F30B00BAF160 /* Build configuration list for PBXProject "Test Handling Errors" */ = {
			isa = XCConfigurationList;
			buildConfigurations = (
				E1AC684B29B9F30E00BAF160 /* Debug */,
				E1AC684C29B9F30E00BAF160 /* Release */,
			);
			defaultConfigurationIsVisible = 0;
			defaultConfigurationName = Release;
		};
		E1AC684D29B9F30E00BAF160 /* Build configuration list for PBXNativeTarget "Test Handling Errors" */ = {
			isa = XCConfigurationList;
			buildConfigurations = (
				E1AC684E29B9F30E00BAF160 /* Debug */,
				E1AC684F29B9F30E00BAF160 /* Release */,
			);
			defaultConfigurationIsVisible = 0;
			defaultConfigurationName = Release;
		};
		E1AC685029B9F30E00BAF160 /* Build configuration list for PBXNativeTarget "Test Handling ErrorsTests" */ = {
			isa = XCConfigurationList;
			buildConfigurations = (
				E1AC685129B9F30E00BAF160 /* Debug */,
				E1AC685229B9F30E00BAF160 /* Release */,
			);
			defaultConfigurationIsVisible = 0;
			defaultConfigurationName = Release;
		};
		E1AC685329B9F30E00BAF160 /* Build configuration list for PBXNativeTarget "Test Handling ErrorsUITests" */ = {
			isa = XCConfigurationList;
			buildConfigurations = (
				E1AC685429B9F30E00BAF160 /* Debug */,
				E1AC685529B9F30E00BAF160 /* Release */,
			);
			defaultConfigurationIsVisible = 0;
			defaultConfigurationName = Release;
		};
/* End XCConfigurationList section */

/* Begin XCVersionGroup section */
		E1AC682C29B9F30B00BAF160 /* Test_Handling_Errors.xcdatamodeld */ = {
			isa = XCVersionGroup;
			children = (
				E1AC682D29B9F30B00BAF160 /* Test_Handling_Errors.xcdatamodel */,
			);
			currentVersion = E1AC682D29B9F30B00BAF160 /* Test_Handling_Errors.xcdatamodel */;
			path = Test_Handling_Errors.xcdatamodeld;
			sourceTree = "<group>";
			versionGroupType = wrapper.xcdatamodel;
		};
/* End XCVersionGroup section */
	};
	rootObject = E1AC681829B9F30B00BAF160 /* Project object */;
}
